version = 1
revision = 3
requires-python = ">=3.14"

[[package]]
name = "song-renamer"
version = "0.1.0"
source = { virtual = "." }
dependencies = [
    { name = "tinytag" },
]

[package.metadata]
requires-dist = [{ name = "tinytag", specifier = ">=2.2.0" }]

[[package]]
name = "tinytag"
version = "2.2.0"
source = { registry = "https://pypi.org/simple" }
sdist = { url = "https://files.pythonhosted.org/packages/98/07/fb260bac73119f369a10e884016516d07cd760b5068e703773f83dd5e7bf/tinytag-2.2.0.tar.gz", hash = "sha256:f15b082510f6e0fc717e597edc8759d6f2d3ff6194ac0f3bcd675a9a09d9b798", size = 38120, upload-time = "2025-12-15T21:10:19.093Z" }
wheels = [
    { url = "https://files.pythonhosted.org/packages/b1/e2/9818fcebb348237389d2ac2fea97cf2b2638378a0866105a45ae9be49728/tinytag-2.2.0-py3-none-any.whl", hash = "sha256:d2cf3ef8ee0f6c854663f77d9d5f8159ee1c834c70f5ea4f214ddc4af8148f79", size = 32861, upload-time = "2025-12-15T21:10:17.63Z" },
]
